Mirror in progress since Wed, 06 Jun 2018 15:39:49 .. please wait!
winhttrack -qiC2%Ps2u1%s%uN0%I0p3DaK0H0%kf2A25000%f#f -F "Mozilla/4.5 (compatible; HTTrack 3.0x; Windows 98)" -%F "<!-- Mirrored from %s%s by HTTrack Website Copier/3.x [XR&CO'2014], %s -->" -%l "en, *" http://6513.tilda.ws/page2756076.html -O1 ""C:\My Web Sites\http___6513.tilda.ws_page2756076.html"" +*.png +*.gif +*.jpg +*.jpeg +*.css +*.js -ad.doubleclick.net/* -mime:application/foobar 
To pause the engine: create an empty file named 'hts-stop.lock'
PID=19260
START=1528292389
